// !$*UTF8*$!
{
	archiveVersion = 1;
	classes = {
	};
	objectVersion = 50;
	objects = {

/* Begin PBXBuildFile section */
		DE0737022514F917000B7D95 /* ModelViewer.swift in Sources */ = {isa = PBXBuildFile; fileRef = DE0737012514F917000B7D95 /* ModelViewer.swift */; };
		DE305C9D2513699400567372 /* Sora-Regular.ttf in Resources */ = {isa = PBXBuildFile; fileRef = DE305C9B2513699400567372 /* Sora-Regular.ttf */; };
		DE305C9E2513699400567372 /* Sora-Bold.ttf in Resources */ = {isa = PBXBuildFile; fileRef = DE305C9C2513699400567372 /* Sora-Bold.ttf */; };
		DE305CA925136B1800567372 /* TextModifiers.swift in Sources */ = {isa = PBXBuildFile; fileRef = DE305CA825136B1800567372 /* TextModifiers.swift */; };
		DE305CAE2513708400567372 /* ScanBlock.swift in Sources */ = {isa = PBXBuildFile; fileRef = DE305CAD2513708400567372 /* ScanBlock.swift */; };
		DE53B5C52519E35B00737E9E /* CompositionMondrian.rcproject in Sources */ = {isa = PBXBuildFile; fileRef = DE53B5C32519E34F00737E9E /* CompositionMondrian.rcproject */; };
		DE53B5C82519E5E600737E9E /* IntExtension.swift in Sources */ = {isa = PBXBuildFile; fileRef = DE53B5C72519E5E600737E9E /* IntExtension.swift */; };
		DE5B24E625139CEF0026E802 /* MaisonParticuliere.rcproject in Sources */ = {isa = PBXBuildFile; fileRef = DE5B24E425139CB20026E802 /* MaisonParticuliere.rcproject */; };
		DE7A64622510EDEC00894278 /* AppDelegate.swift in Sources */ = {isa = PBXBuildFile; fileRef = DE7A64612510EDEC00894278 /* AppDelegate.swift */; };
		DE7A64642510EDEC00894278 /* GameARView.swift in Sources */ = {isa = PBXBuildFile; fileRef = DE7A64632510EDEC00894278 /* GameARView.swift */; };
		DE7A64682510EDEE00894278 /* Assets.xcassets in Resources */ = {isa = PBXBuildFile; fileRef = DE7A64672510EDEE00894278 /* Assets.xcassets */; };
		DE7A646B2510EDEE00894278 /* Preview Assets.xcassets in Resources */ = {isa = PBXBuildFile; fileRef = DE7A646A2510EDEE00894278 /* Preview Assets.xcassets */; };
		DE7A64732510EEAC00894278 /* GameView.swift in Sources */ = {isa = PBXBuildFile; fileRef = DE7A64722510EEAC00894278 /* GameView.swift */; };
		DE7A64762510F11B00894278 /* GameIntroductionView.swift in Sources */ = {isa = PBXBuildFile; fileRef = DE7A64752510F11B00894278 /* GameIntroductionView.swift */; };
		DE7A64782510F13000894278 /* GameStandView.swift in Sources */ = {isa = PBXBuildFile; fileRef = DE7A64772510F13000894278 /* GameStandView.swift */; };
		DE7A647B2510F18800894278 /* GameHeader.swift in Sources */ = {isa = PBXBuildFile; fileRef = DE7A647A2510F18800894278 /* GameHeader.swift */; };
		DE7A647D2510F6DA00894278 /* Launch Screen.storyboard in Resources */ = {isa = PBXBuildFile; fileRef = DE7A647C2510F6DA00894278 /* Launch Screen.storyboard */; };
		DE7A64802510F8C500894278 /* ColorExtension.swift in Sources */ = {isa = PBXBuildFile; fileRef = DE7A647F2510F8C500894278 /* ColorExtension.swift */; };
		DE7A64832510F99D00894278 /* PrimaryButtonStyle.swift in Sources */ = {isa = PBXBuildFile; fileRef = DE7A64822510F99D00894278 /* PrimaryButtonStyle.swift */; };
		DE7A64862510FE5D00894278 /* StandModeDetector.swift in Sources */ = {isa = PBXBuildFile; fileRef = DE7A64852510FE5D00894278 /* StandModeDetector.swift */; };
		DE7A648A251116B000894278 /* HelpBlock.swift in Sources */ = {isa = PBXBuildFile; fileRef = DE7A6489251116B000894278 /* HelpBlock.swift */; };
		DE7A648C25111AE900894278 /* GameAROverlay.swift in Sources */ = {isa = PBXBuildFile; fileRef = DE7A648B25111AE900894278 /* GameAROverlay.swift */; };
		DE90E5BA25150A3400921E30 /* Game.swift in Sources */ = {isa = PBXBuildFile; fileRef = DE90E5B925150A3400921E30 /* Game.swift */; };
		DE93776A2518A9D40043D842 /* AudioPlayer.swift in Sources */ = {isa = PBXBuildFile; fileRef = DE9377692518A9D40043D842 /* AudioPlayer.swift */; };
		DEFE6BE62519E23A00CE632F /* composition.usdz in Resources */ = {isa = PBXBuildFile; fileRef = DEFE6BE52519E23A00CE632F /* composition.usdz */; };
/* End PBXBuildFile section */

/* Begin PBXFileReference section */
		DE0737012514F917000B7D95 /* ModelViewer.swift */ = {isa = PBXFileReference; lastKnownFileType = sourcecode.swift; path = ModelViewer.swift; sourceTree = "<group>"; };
		DE305C9B2513699400567372 /* Sora-Regular.ttf */ = {isa = PBXFileReference; lastKnownFileType = file; path = "Sora-Regular.ttf"; sourceTree = "<group>"; };
		DE305C9C2513699400567372 /* Sora-Bold.ttf */ = {isa = PBXFileReference; lastKnownFileType = file; path = "Sora-Bold.ttf"; sourceTree = "<group>"; };
		DE305CA825136B1800567372 /* TextModifiers.swift */ = {isa = PBXFileReference; lastKnownFileType = sourcecode.swift; path = TextModifiers.swift; sourceTree = "<group>"; };
		DE305CAD2513708400567372 /* ScanBlock.swift */ = {isa = PBXFileReference; lastKnownFileType = sourcecode.swift; path = ScanBlock.swift; sourceTree = "<group>"; };
		DE53B5C32519E34F00737E9E /* CompositionMondrian.rcproject */ = {isa = PBXFileReference; lastKnownFileType = file.rcproject; path = CompositionMondrian.rcproject; sourceTree = "<group>"; };
		DE53B5C72519E5E600737E9E /* IntExtension.swift */ = {isa = PBXFileReference; lastKnownFileType = sourcecode.swift; path = IntExtension.swift; sourceTree = "<group>"; };
		DE5B24E425139CB20026E802 /* MaisonParticuliere.rcproject */ = {isa = PBXFileReference; lastKnownFileType = file.rcproject; path = MaisonParticuliere.rcproject; sourceTree = "<group>"; };
		DE7A645E2510EDEC00894278 /* NouvelleRealite.app */ = {isa = PBXFileReference; explicitFileType = wrapper.application; includeInIndex = 0; path = NouvelleRealite.app; sourceTree = BUILT_PRODUCTS_DIR; };
		DE7A64612510EDEC00894278 /* AppDelegate.swift */ = {isa = PBXFileReference; lastKnownFileType = sourcecode.swift; path = AppDelegate.swift; sourceTree = "<group>"; };
		DE7A64632510EDEC00894278 /* GameARView.swift */ = {isa = PBXFileReference; lastKnownFileType = sourcecode.swift; path = GameARView.swift; sourceTree = "<group>"; };
		DE7A64672510EDEE00894278 /* Assets.xcassets */ = {isa = PBXFileReference; lastKnownFileType = folder.assetcatalog; path = Assets.xcassets; sourceTree = "<group>"; };
		DE7A646A2510EDEE00894278 /* Preview Assets.xcassets */ = {isa = PBXFileReference; lastKnownFileType = folder.assetcatalog; path = "Preview Assets.xcassets"; sourceTree = "<group>"; };
		DE7A646C2510EDEE00894278 /* Info.plist */ = {isa = PBXFileReference; lastKnownFileType = text.plist.xml; path = Info.plist; sourceTree = "<group>"; };
		DE7A64722510EEAC00894278 /* GameView.swift */ = {isa = PBXFileReference; lastKnownFileType = sourcecode.swift; path = GameView.swift; sourceTree = "<group>"; };
		DE7A64752510F11B00894278 /* GameIntroductionView.swift */ = {isa = PBXFileReference; lastKnownFileType = sourcecode.swift; path = GameIntroductionView.swift; sourceTree = "<group>"; };
		DE7A64772510F13000894278 /* GameStandView.swift */ = {isa = PBXFileReference; lastKnownFileType = sourcecode.swift; path = GameStandView.swift; sourceTree = "<group>"; };
		DE7A647A2510F18800894278 /* GameHeader.swift */ = {isa = PBXFileReference; lastKnownFileType = sourcecode.swift; path = GameHeader.swift; sourceTree = "<group>"; };
		DE7A647C2510F6DA00894278 /* Launch Screen.storyboard */ = {isa = PBXFileReference; lastKnownFileType = file.storyboard; path = "Launch Screen.storyboard"; sourceTree = "<group>"; };
		DE7A647F2510F8C500894278 /* ColorExtension.swift */ = {isa = PBXFileReference; lastKnownFileType = sourcecode.swift; path = ColorExtension.swift; sourceTree = "<group>"; };
		DE7A64822510F99D00894278 /* PrimaryButtonStyle.swift */ = {isa = PBXFileReference; lastKnownFileType = sourcecode.swift; path = PrimaryButtonStyle.swift; sourceTree = "<group>"; };
		DE7A64852510FE5D00894278 /* StandModeDetector.swift */ = {isa = PBXFileReference; lastKnownFileType = sourcecode.swift; path = StandModeDetector.swift; sourceTree = "<group>"; };
		DE7A6489251116B000894278 /* HelpBlock.swift */ = {isa = PBXFileReference; lastKnownFileType = sourcecode.swift; path = HelpBlock.swift; sourceTree = "<group>"; };
		DE7A648B25111AE900894278 /* GameAROverlay.swift */ = {isa = PBXFileReference; lastKnownFileType = sourcecode.swift; path = GameAROverlay.swift; sourceTree = "<group>"; };
		DE90E5B925150A3400921E30 /* Game.swift */ = {isa = PBXFileReference; lastKnownFileType = sourcecode.swift; path = Game.swift; sourceTree = "<group>"; };
		DE9377692518A9D40043D842 /* AudioPlayer.swift */ = {isa = PBXFileReference; lastKnownFileType = sourcecode.swift; path = AudioPlayer.swift; sourceTree = "<group>"; };
		DEFE6BE52519E23A00CE632F /* composition.usdz */ = {isa = PBXFileReference; lastKnownFileType = file.usdz; path = composition.usdz; sourceTree = "<group>"; };
/* End PBXFileReference section */

/* Begin PBXFrameworksBuildPhase section */
		DE7A645B2510EDEC00894278 /* Frameworks */ = {
			isa = PBXFrameworksBuildPhase;
			buildActionMask = 2147483647;
			files = (
			);
			runOnlyForDeploymentPostprocessing = 0;
		};
/* End PBXFrameworksBuildPhase section */

/* Begin PBXGroup section */
		DE305C9A2513693C00567372 /* Fonts */ = {
			isa = PBXGroup;
			children = (
				DE305C9C2513699400567372 /* Sora-Bold.ttf */,
				DE305C9B2513699400567372 /* Sora-Regular.ttf */,
			);
			path = Fonts;
			sourceTree = "<group>";
		};
		DE7A64552510EDEC00894278 = {
			isa = PBXGroup;
			children = (
				DE7A64602510EDEC00894278 /* NouvelleRealite */,
				DE7A645F2510EDEC00894278 /* Products */,
			);
			sourceTree = "<group>";
		};
		DE7A645F2510EDEC00894278 /* Products */ = {
			isa = PBXGroup;
			children = (
				DE7A645E2510EDEC00894278 /* NouvelleRealite.app */,
			);
			name = Products;
			sourceTree = "<group>";
		};
		DE7A64602510EDEC00894278 /* NouvelleRealite */ = {
			isa = PBXGroup;
			children = (
				DE7A647C2510F6DA00894278 /* Launch Screen.storyboard */,
				DE7A646C2510EDEE00894278 /* Info.plist */,
				DE7A64612510EDEC00894278 /* AppDelegate.swift */,
				DE7A64722510EEAC00894278 /* GameView.swift */,
				DE7A64742510F0F800894278 /* GameSubviews */,
				DE7A64842510FE4A00894278 /* Managers */,
				DE7A64812510F98100894278 /* Styles */,
				DE7A647E2510F8B700894278 /* Extensions */,
				DE7A64672510EDEE00894278 /* Assets.xcassets */,
				DEFE6BE52519E23A00CE632F /* composition.usdz */,
				DE53B5C32519E34F00737E9E /* CompositionMondrian.rcproject */,
				DE5B24E425139CB20026E802 /* MaisonParticuliere.rcproject */,
				DE305C9A2513693C00567372 /* Fonts */,
				DE7A64692510EDEE00894278 /* Preview Content */,
			);
			path = NouvelleRealite;
			sourceTree = "<group>";
		};
		DE7A64692510EDEE00894278 /* Preview Content */ = {
			isa = PBXGroup;
			children = (
				DE7A646A2510EDEE00894278 /* Preview Assets.xcassets */,
			);
			path = "Preview Content";
			sourceTree = "<group>";
		};
		DE7A64742510F0F800894278 /* GameSubviews */ = {
			isa = PBXGroup;
			children = (
				DE7A64752510F11B00894278 /* GameIntroductionView.swift */,
				DE7A64772510F13000894278 /* GameStandView.swift */,
				DE7A64632510EDEC00894278 /* GameARView.swift */,
				DE7A648B25111AE900894278 /* GameAROverlay.swift */,
				DE7A64792510F17B00894278 /* Components */,
			);
			path = GameSubviews;
			sourceTree = "<group>";
		};
		DE7A64792510F17B00894278 /* Components */ = {
			isa = PBXGroup;
			children = (
				DE7A647A2510F18800894278 /* GameHeader.swift */,
				DE7A6489251116B000894278 /* HelpBlock.swift */,
				DE305CAD2513708400567372 /* ScanBlock.swift */,
				DE0737012514F917000B7D95 /* ModelViewer.swift */,
				DE9377692518A9D40043D842 /* AudioPlayer.swift */,
			);
			path = Components;
			sourceTree = "<group>";
		};
		DE7A647E2510F8B700894278 /* Extensions */ = {
			isa = PBXGroup;
			children = (
				DE7A647F2510F8C500894278 /* ColorExtension.swift */,
				DE53B5C72519E5E600737E9E /* IntExtension.swift */,
			);
			path = Extensions;
			sourceTree = "<group>";
		};
		DE7A64812510F98100894278 /* Styles */ = {
			isa = PBXGroup;
			children = (
				DE7A64822510F99D00894278 /* PrimaryButtonStyle.swift */,
				DE305CA825136B1800567372 /* TextModifiers.swift */,
			);
			path = Styles;
			sourceTree = "<group>";
		};
		DE7A64842510FE4A00894278 /* Managers */ = {
			isa = PBXGroup;
			children = (
				DE7A64852510FE5D00894278 /* StandModeDetector.swift */,
				DE90E5B925150A3400921E30 /* Game.swift */,
			);
			path = Managers;
			sourceTree = "<group>";
		};
/* End PBXGroup section */

/* Begin PBXNativeTarget section */
		DE7A645D2510EDEC00894278 /* NouvelleRealite */ = {
			isa = PBXNativeTarget;
			buildConfigurationList = DE7A646F2510EDEE00894278 /* Build configuration list for PBXNativeTarget "NouvelleRealite" */;
			buildPhases = (
				DE7A645A2510EDEC00894278 /* Sources */,
				DE7A645B2510EDEC00894278 /* Frameworks */,
				DE7A645C2510EDEC00894278 /* Resources */,
			);
			buildRules = (
			);
			dependencies = (
			);
			name = NouvelleRealite;
			productName = NouvelleRealite;
			productReference = DE7A645E2510EDEC00894278 /* NouvelleRealite.app */;
			productType = "com.apple.product-type.application";
		};
/* End PBXNativeTarget section */

/* Begin PBXProject section */
		DE7A64562510EDEC00894278 /* Project object */ = {
			isa = PBXProject;
			attributes = {
				LastSwiftUpdateCheck = 1200;
				LastUpgradeCheck = 1200;
				TargetAttributes = {
					DE7A645D2510EDEC00894278 = {
						CreatedOnToolsVersion = 12.0;
					};
				};
			};
			buildConfigurationList = DE7A64592510EDEC00894278 /* Build configuration list for PBXProject "NouvelleRealite" */;
			compatibilityVersion = "Xcode 9.3";
			developmentRegion = en;
			hasScannedForEncodings = 0;
			knownRegions = (
				en,
				Base,
			);
			mainGroup = DE7A64552510EDEC00894278;
			productRefGroup = DE7A645F2510EDEC00894278 /* Products */;
			projectDirPath = "";
			projectRoot = "";
			targets = (
				DE7A645D2510EDEC00894278 /* NouvelleRealite */,
			);
		};
/* End PBXProject section */

/* Begin PBXResourcesBuildPhase section */
		DE7A645C2510EDEC00894278 /* Resources */ = {
			isa = PBXResourcesBuildPhase;
			buildActionMask = 2147483647;
			files = (
				DE305C9D2513699400567372 /* Sora-Regular.ttf in Resources */,
				DE7A647D2510F6DA00894278 /* Launch Screen.storyboard in Resources */,
				DE7A646B2510EDEE00894278 /* Preview Assets.xcassets in Resources */,
				DE305C9E2513699400567372 /* Sora-Bold.ttf in Resources */,
				DEFE6BE62519E23A00CE632F /* composition.usdz in Resources */,
				DE7A64682510EDEE00894278 /* Assets.xcassets in Resources */,
			);
			runOnlyForDeploymentPostprocessing = 0;
		};
/* End PBXResourcesBuildPhase section */

/* Begin PBXSourcesBuildPhase section */
		DE7A645A2510EDEC00894278 /* Sources */ = {
			isa = PBXSourcesBuildPhase;
			buildActionMask = 2147483647;
			files = (
				DE7A64832510F99D00894278 /* PrimaryButtonStyle.swift in Sources */,
				DE53B5C52519E35B00737E9E /* CompositionMondrian.rcproject in Sources */,
				DE90E5BA25150A3400921E30 /* Game.swift in Sources */,
				DE305CAE2513708400567372 /* ScanBlock.swift in Sources */,
				DE305CA925136B1800567372 /* TextModifiers.swift in Sources */,
				DE7A64862510FE5D00894278 /* StandModeDetector.swift in Sources */,
				DE7A648C25111AE900894278 /* GameAROverlay.swift in Sources */,
				DE7A647B2510F18800894278 /* GameHeader.swift in Sources */,
				DE7A64642510EDEC00894278 /* GameARView.swift in Sources */,
				DE5B24E625139CEF0026E802 /* MaisonParticuliere.rcproject in Sources */,
				DE53B5C82519E5E600737E9E /* IntExtension.swift in Sources */,
				DE7A64622510EDEC00894278 /* AppDelegate.swift in Sources */,
				DE93776A2518A9D40043D842 /* AudioPlayer.swift in Sources */,
				DE7A648A251116B000894278 /* HelpBlock.swift in Sources */,
				DE7A64802510F8C500894278 /* ColorExtension.swift in Sources */,
				DE7A64732510EEAC00894278 /* GameView.swift in Sources */,
				DE7A64782510F13000894278 /* GameStandView.swift in Sources */,
				DE7A64762510F11B00894278 /* GameIntroductionView.swift in Sources */,
				DE0737022514F917000B7D95 /* ModelViewer.swift in Sources */,
			);
			runOnlyForDeploymentPostprocessing = 0;
		};
/* End PBXSourcesBuildPhase section */

/* Begin XCBuildConfiguration section */
		DE7A646D2510EDEE00894278 /* Debug */ = {
			isa = XCBuildConfiguration;
			buildSettings = {
				ALWAYS_SEARCH_USER_PATHS = NO;
				CLANG_ANALYZER_NONNULL = YES;
				CLANG_ANALYZER_NUMBER_OBJECT_CONVERSION = YES_AGGRESSIVE;
				CLANG_CXX_LANGUAGE_STANDARD = "gnu++14";
				CLANG_CXX_LIBRARY = "libc++";
				CLANG_ENABLE_MODULES = YES;
				CLANG_ENABLE_OBJC_ARC = YES;
				CLANG_ENABLE_OBJC_WEAK = YES;
				CLANG_WARN_BLOCK_CAPTURE_AUTORELEASING = YES;
				CLANG_WARN_BOOL_CONVERSION = YES;
				CLANG_WARN_COMMA = YES;
				CLANG_WARN_CONSTANT_CONVERSION = YES;
				CLANG_WARN_DEPRECATED_OBJC_IMPLEMENTATIONS = YES;
				CLANG_WARN_DIRECT_OBJC_ISA_USAGE = YES_ERROR;
				CLANG_WARN_DOCUMENTATION_COMMENTS = YES;
				CLANG_WARN_EMPTY_BODY = YES;
				CLANG_WARN_ENUM_CONVERSION = YES;
				CLANG_WARN_INFINITE_RECURSION = YES;
				CLANG_WARN_INT_CONVERSION = YES;
				CLANG_WARN_NON_LITERAL_NULL_CONVERSION = YES;
				CLANG_WARN_OBJC_IMPLICIT_RETAIN_SELF = YES;
				CLANG_WARN_OBJC_LITERAL_CONVERSION = YES;
				CLANG_WARN_OBJC_ROOT_CLASS = YES_ERROR;
				CLANG_WARN_QUOTED_INCLUDE_IN_FRAMEWORK_HEADER = YES;
				CLANG_WARN_RANGE_LOOP_ANALYSIS = YES;
				CLANG_WARN_STRICT_PROTOTYPES = YES;
				CLANG_WARN_SUSPICIOUS_MOVE = YES;
				CLANG_WARN_UNGUARDED_AVAILABILITY = YES_AGGRESSIVE;
				CLANG_WARN_UNREACHABLE_CODE = YES;
				CLANG_WARN__DUPLICATE_METHOD_MATCH = YES;
				COPY_PHASE_STRIP = NO;
				DEBUG_INFORMATION_FORMAT = dwarf;
				ENABLE_STRICT_OBJC_MSGSEND = YES;
				ENABLE_TESTABILITY = YES;
				GCC_C_LANGUAGE_STANDARD = gnu11;
				GCC_DYNAMIC_NO_PIC = NO;
				GCC_NO_COMMON_BLOCKS = YES;
				GCC_OPTIMIZATION_LEVEL = 0;
				GCC_PREPROCESSOR_DEFINITIONS = (
					"DEBUG=1",
					"$(inherited)",
				);
				GCC_WARN_64_TO_32_BIT_CONVERSION = YES;
				GCC_WARN_ABOUT_RETURN_TYPE = YES_ERROR;
				GCC_WARN_UNDECLARED_SELECTOR = YES;
				GCC_WARN_UNINITIALIZED_AUTOS = YES_AGGRESSIVE;
				GCC_WARN_UNUSED_FUNCTION = YES;
				GCC_WARN_UNUSED_VARIABLE = YES;
				IPHONEOS_DEPLOYMENT_TARGET = 14.0;
				MTL_ENABLE_DEBUG_INFO = INCLUDE_SOURCE;
				MTL_FAST_MATH = YES;
				ONLY_ACTIVE_ARCH = YES;
				SDKROOT = iphoneos;
				SWIFT_ACTIVE_COMPILATION_CONDITIONS = DEBUG;
				SWIFT_OPTIMIZATION_LEVEL = "-Onone";
			};
			name = Debug;
		};
		DE7A646E2510EDEE00894278 /* Release */ = {
			isa = XCBuildConfiguration;
			buildSettings = {
				ALWAYS_SEARCH_USER_PATHS = NO;
				CLANG_ANALYZER_NONNULL = YES;
				CLANG_ANALYZER_NUMBER_OBJECT_CONVERSION = YES_AGGRESSIVE;
				CLANG_CXX_LANGUAGE_STANDARD = "gnu++14";
				CLANG_CXX_LIBRARY = "libc++";
				CLANG_ENABLE_MODULES = YES;
				CLANG_ENABLE_OBJC_ARC = YES;
				CLANG_ENABLE_OBJC_WEAK = YES;
				CLANG_WARN_BLOCK_CAPTURE_AUTORELEASING = YES;
				CLANG_WARN_BOOL_CONVERSION = YES;
				CLANG_WARN_COMMA = YES;
				CLANG_WARN_CONSTANT_CONVERSION = YES;
				CLANG_WARN_DEPRECATED_OBJC_IMPLEMENTATIONS = YES;
				CLANG_WARN_DIRECT_OBJC_ISA_USAGE = YES_ERROR;
				CLANG_WARN_DOCUMENTATION_COMMENTS = YES;
				CLANG_WARN_EMPTY_BODY = YES;
				CLANG_WARN_ENUM_CONVERSION = YES;
				CLANG_WARN_INFINITE_RECURSION = YES;
				CLANG_WARN_INT_CONVERSION = YES;
				CLANG_WARN_NON_LITERAL_NULL_CONVERSION = YES;
				CLANG_WARN_OBJC_IMPLICIT_RETAIN_SELF = YES;
				CLANG_WARN_OBJC_LITERAL_CONVERSION = YES;
				CLANG_WARN_OBJC_ROOT_CLASS = YES_ERROR;
				CLANG_WARN_QUOTED_INCLUDE_IN_FRAMEWORK_HEADER = YES;
				CLANG_WARN_RANGE_LOOP_ANALYSIS = YES;
				CLANG_WARN_STRICT_PROTOTYPES = YES;
				CLANG_WARN_SUSPICIOUS_MOVE = YES;
				CLANG_WARN_UNGUARDED_AVAILABILITY = YES_AGGRESSIVE;
				CLANG_WARN_UNREACHABLE_CODE = YES;
				CLANG_WARN__DUPLICATE_METHOD_MATCH = YES;
				COPY_PHASE_STRIP = NO;
				DEBUG_INFORMATION_FORMAT = "dwarf-with-dsym";
				ENABLE_NS_ASSERTIONS = NO;
				ENABLE_STRICT_OBJC_MSGSEND = YES;
				GCC_C_LANGUAGE_STANDARD = gnu11;
				GCC_NO_COMMON_BLOCKS = YES;
				GCC_WARN_64_TO_32_BIT_CONVERSION = YES;
				GCC_WARN_ABOUT_RETURN_TYPE = YES_ERROR;
				GCC_WARN_UNDECLARED_SELECTOR = YES;
				GCC_WARN_UNINITIALIZED_AUTOS = YES_AGGRESSIVE;
				GCC_WARN_UNUSED_FUNCTION = YES;
				GCC_WARN_UNUSED_VARIABLE = YES;
				IPHONEOS_DEPLOYMENT_TARGET = 14.0;
				MTL_ENABLE_DEBUG_INFO = NO;
				MTL_FAST_MATH = YES;
				SDKROOT = iphoneos;
				SWIFT_COMPILATION_MODE = wholemodule;
				SWIFT_OPTIMIZATION_LEVEL = "-O";
				VALIDATE_PRODUCT = YES;
			};
			name = Release;
		};
		DE7A64702510EDEE00894278 /* Debug */ = {
			isa = XCBuildConfiguration;
			buildSettings = {
				ASSETCATALOG_COMPILER_APPICON_NAME = AppIcon;
				ASSETCATALOG_COMPILER_GLOBAL_ACCENT_COLOR_NAME = AccentColor;
				CODE_SIGN_STYLE = Automatic;
				DEVELOPMENT_ASSET_PATHS = "\"NouvelleRealite/Preview Content\"";
				DEVELOPMENT_TEAM = AU9T7HA2AB;
				ENABLE_PREVIEWS = YES;
				INFOPLIST_FILE = NouvelleRealite/Info.plist;
				LD_RUNPATH_SEARCH_PATHS = (
					"$(inherited)",
					"@executable_path/Frameworks",
				);
				PRODUCT_BUNDLE_IDENTIFIER = com.romainpenchenat.NouvelleRealite;
				PRODUCT_NAME = "$(TARGET_NAME)";
				SWIFT_VERSION = 5.0;
				TARGETED_DEVICE_FAMILY = 1;
			};
			name = Debug;
		};
		DE7A64712510EDEE00894278 /* Release */ = {
			isa = XCBuildConfiguration;
			buildSettings = {
				ASSETCATALOG_COMPILER_APPICON_NAME = AppIcon;
				ASSETCATALOG_COMPILER_GLOBAL_ACCENT_COLOR_NAME = AccentColor;
				CODE_SIGN_STYLE = Automatic;
				DEVELOPMENT_ASSET_PATHS = "\"NouvelleRealite/Preview Content\"";
				DEVELOPMENT_TEAM = AU9T7HA2AB;
				ENABLE_PREVIEWS = YES;
				INFOPLIST_FILE = NouvelleRealite/Info.plist;
				LD_RUNPATH_SEARCH_PATHS = (
					"$(inherited)",
					"@executable_path/Frameworks",
				);
				PRODUCT_BUNDLE_IDENTIFIER = com.romainpenchenat.NouvelleRealite;
				PRODUCT_NAME = "$(TARGET_NAME)";
				SWIFT_VERSION = 5.0;
				TARGETED_DEVICE_FAMILY = 1;
			};
			name = Release;
		};
/* End XCBuildConfiguration section */

/* Begin XCConfigurationList section */
		DE7A64592510EDEC00894278 /* Build configuration list for PBXProject "NouvelleRealite" */ = {
			isa = XCConfigurationList;
			buildConfigurations = (
				DE7A646D2510EDEE00894278 /* Debug */,
				DE7A646E2510EDEE00894278 /* Release */,
			);
			defaultConfigurationIsVisible = 0;
			defaultConfigurationName = Release;
		};
		DE7A646F2510EDEE00894278 /* Build configuration list for PBXNativeTarget "NouvelleRealite" */ = {
			isa = XCConfigurationList;
			buildConfigurations = (
				DE7A64702510EDEE00894278 /* Debug */,
				DE7A64712510EDEE00894278 /* Release */,
			);
			defaultConfigurationIsVisible = 0;
			defaultConfigurationName = Release;
		};
/* End XCConfigurationList section */
	};
	rootObject = DE7A64562510EDEC00894278 /* Project object */;
}
